// !$*UTF8*$!
{
	archiveVersion = 1;
	classes = {
	};
	objectVersion = 50;
	objects = {

/* Begin PBXBuildFile section */
		B38BA2542674E158003F6F2B /* UIView+DelayoutConstraints.swift in Sources */ = {isa = PBXBuildFile; fileRef = B38BA2502674E158003F6F2B /* UIView+DelayoutConstraints.swift */; };
		B38BA2552674E158003F6F2B /* UIView+ApplyConstraint.swift in Sources */ = {isa = PBXBuildFile; fileRef = B38BA2512674E158003F6F2B /* UIView+ApplyConstraint.swift */; };
		B38BA2562674E158003F6F2B /* DelayoutConstraint.swift in Sources */ = {isa = PBXBuildFile; fileRef = B38BA2522674E158003F6F2B /* DelayoutConstraint.swift */; };
		B38BA2572674E158003F6F2B /* WeakRef.swift in Sources */ = {isa = PBXBuildFile; fileRef = B38BA2532674E158003F6F2B /* WeakRef.swift */; };
		B38BA2592674E189003F6F2B /* ExampleDSL.swift in Sources */ = {isa = PBXBuildFile; fileRef = B38BA2582674E189003F6F2B /* ExampleDSL.swift */; };
		B38BA25B2674F866003F6F2B /* ViewController+View.swift in Sources */ = {isa = PBXBuildFile; fileRef = B38BA25A2674F866003F6F2B /* ViewController+View.swift */; };
		B38BA2612675ADCD003F6F2B /* TargetedDelayoutConstraint.swift in Sources */ = {isa = PBXBuildFile; fileRef = B38BA2602675ADCD003F6F2B /* TargetedDelayoutConstraint.swift */; };
		B3D027E8266A81F900236FEC /* AppDelegate.swift in Sources */ = {isa = PBXBuildFile; fileRef = B3D027E7266A81F900236FEC /* AppDelegate.swift */; };
		B3D027EA266A81F900236FEC /* SceneDelegate.swift in Sources */ = {isa = PBXBuildFile; fileRef = B3D027E9266A81F900236FEC /* SceneDelegate.swift */; };
		B3D027EC266A81F900236FEC /* ViewController.swift in Sources */ = {isa = PBXBuildFile; fileRef = B3D027EB266A81F900236FEC /* ViewController.swift */; };
		B3D027EF266A81F900236FEC /* Main.storyboard in Resources */ = {isa = PBXBuildFile; fileRef = B3D027ED266A81F900236FEC /* Main.storyboard */; };
		B3D027F1266A81FB00236FEC /* Assets.xcassets in Resources */ = {isa = PBXBuildFile; fileRef = B3D027F0266A81FB00236FEC /* Assets.xcassets */; };
		B3D027F4266A81FB00236FEC /* LaunchScreen.storyboard in Resources */ = {isa = PBXBuildFile; fileRef = B3D027F2266A81FB00236FEC /* LaunchScreen.storyboard */; };
		B3D02801266A85C900236FEC /* Built.swift in Sources */ = {isa = PBXBuildFile; fileRef = B3D02800266A85C900236FEC /* Built.swift */; };
		B3D02803266A879F00236FEC /* Building.swift in Sources */ = {isa = PBXBuildFile; fileRef = B3D02802266A879F00236FEC /* Building.swift */; };
		B3D02805266A8A4D00236FEC /* Builder.swift in Sources */ = {isa = PBXBuildFile; fileRef = B3D02804266A8A4D00236FEC /* Builder.swift */; };
		B3D0280C266AABD600236FEC /* Storable.swift in Sources */ = {isa = PBXBuildFile; fileRef = B3D02807266AABD600236FEC /* Storable.swift */; };
		B3D0280D266AABD600236FEC /* Anchor.swift in Sources */ = {isa = PBXBuildFile; fileRef = B3D02808266AABD600236FEC /* Anchor.swift */; };
		B3D0280E266AABD600236FEC /* Extensions.swift in Sources */ = {isa = PBXBuildFile; fileRef = B3D02809266AABD600236FEC /* Extensions.swift */; };
		B3D0280F266AABD600236FEC /* Runtime.swift in Sources */ = {isa = PBXBuildFile; fileRef = B3D0280A266AABD600236FEC /* Runtime.swift */; };
/* End PBXBuildFile section */

/* Begin PBXFileReference section */
		B38BA2502674E158003F6F2B /* UIView+DelayoutConstraints.swift */ = {isa = PBXFileReference; fileEncoding = 4; lastKnownFileType = sourcecode.swift; path = "UIView+DelayoutConstraints.swift"; sourceTree = "<group>"; };
		B38BA2512674E158003F6F2B /* UIView+ApplyConstraint.swift */ = {isa = PBXFileReference; fileEncoding = 4; lastKnownFileType = sourcecode.swift; path = "UIView+ApplyConstraint.swift"; sourceTree = "<group>"; };
		B38BA2522674E158003F6F2B /* DelayoutConstraint.swift */ = {isa = PBXFileReference; fileEncoding = 4; lastKnownFileType = sourcecode.swift; path = DelayoutConstraint.swift; sourceTree = "<group>"; };
		B38BA2532674E158003F6F2B /* WeakRef.swift */ = {isa = PBXFileReference; fileEncoding = 4; lastKnownFileType = sourcecode.swift; path = WeakRef.swift; sourceTree = "<group>"; };
		B38BA2582674E189003F6F2B /* ExampleDSL.swift */ = {isa = PBXFileReference; lastKnownFileType = sourcecode.swift; path = ExampleDSL.swift; sourceTree = "<group>"; };
		B38BA25A2674F866003F6F2B /* ViewController+View.swift */ = {isa = PBXFileReference; indentWidth = 2; lastKnownFileType = sourcecode.swift; path = "ViewController+View.swift"; sourceTree = "<group>"; tabWidth = 2; };
		B38BA2602675ADCD003F6F2B /* TargetedDelayoutConstraint.swift */ = {isa = PBXFileReference; fileEncoding = 4; lastKnownFileType = sourcecode.swift; path = TargetedDelayoutConstraint.swift; sourceTree = "<group>"; };
		B3D027E4266A81F900236FEC /* DelayoutExample.app */ = {isa = PBXFileReference; explicitFileType = wrapper.application; includeInIndex = 0; path = DelayoutExample.app; sourceTree = BUILT_PRODUCTS_DIR; };
		B3D027E7266A81F900236FEC /* AppDelegate.swift */ = {isa = PBXFileReference; lastKnownFileType = sourcecode.swift; path = AppDelegate.swift; sourceTree = "<group>"; };
		B3D027E9266A81F900236FEC /* SceneDelegate.swift */ = {isa = PBXFileReference; lastKnownFileType = sourcecode.swift; path = SceneDelegate.swift; sourceTree = "<group>"; };
		B3D027EB266A81F900236FEC /* ViewController.swift */ = {isa = PBXFileReference; lastKnownFileType = sourcecode.swift; path = ViewController.swift; sourceTree = "<group>"; };
		B3D027EE266A81F900236FEC /* Base */ = {isa = PBXFileReference; lastKnownFileType = file.storyboard; name = Base; path = Base.lproj/Main.storyboard; sourceTree = "<group>"; };
		B3D027F0266A81FB00236FEC /* Assets.xcassets */ = {isa = PBXFileReference; lastKnownFileType = folder.assetcatalog; path = Assets.xcassets; sourceTree = "<group>"; };
		B3D027F3266A81FB00236FEC /* Base */ = {isa = PBXFileReference; lastKnownFileType = file.storyboard; name = Base; path = Base.lproj/LaunchScreen.storyboard; sourceTree = "<group>"; };
		B3D027F5266A81FB00236FEC /* Info.plist */ = {isa = PBXFileReference; lastKnownFileType = text.plist.xml; path = Info.plist; sourceTree = "<group>"; };
		B3D02800266A85C900236FEC /* Built.swift */ = {isa = PBXFileReference; fileEncoding = 4; lastKnownFileType = sourcecode.swift; path = Built.swift; sourceTree = "<group>"; };
		B3D02802266A879F00236FEC /* Building.swift */ = {isa = PBXFileReference; fileEncoding = 4; lastKnownFileType = sourcecode.swift; path = Building.swift; sourceTree = "<group>"; };
		B3D02804266A8A4D00236FEC /* Builder.swift */ = {isa = PBXFileReference; fileEncoding = 4; lastKnownFileType = sourcecode.swift; path = Builder.swift; sourceTree = "<group>"; };
		B3D02807266AABD600236FEC /* Storable.swift */ = {isa = PBXFileReference; fileEncoding = 4; lastKnownFileType = sourcecode.swift; path = Storable.swift; sourceTree = "<group>"; };
		B3D02808266AABD600236FEC /* Anchor.swift */ = {isa = PBXFileReference; fileEncoding = 4; lastKnownFileType = sourcecode.swift; path = Anchor.swift; sourceTree = "<group>"; };
		B3D02809266AABD600236FEC /* Extensions.swift */ = {isa = PBXFileReference; fileEncoding = 4; lastKnownFileType = sourcecode.swift; path = Extensions.swift; sourceTree = "<group>"; };
		B3D0280A266AABD600236FEC /* Runtime.swift */ = {isa = PBXFileReference; fileEncoding = 4; lastKnownFileType = sourcecode.swift; path = Runtime.swift; sourceTree = "<group>"; };
/* End PBXFileReference section */

/* Begin PBXFrameworksBuildPhase section */
		B3D027E1266A81F900236FEC /* Frameworks */ = {
			isa = PBXFrameworksBuildPhase;
			buildActionMask = 2147483647;
			files = (
			);
			runOnlyForDeploymentPostprocessing = 0;
		};
/* End PBXFrameworksBuildPhase section */

/* Begin PBXGroup section */
		B3D027DB266A81F900236FEC = {
			isa = PBXGroup;
			children = (
				B3D027FB266A822500236FEC /* Delayout */,
				B3D027E6266A81F900236FEC /* DelayoutExample */,
				B3D027E5266A81F900236FEC /* Products */,
			);
			sourceTree = "<group>";
		};
		B3D027E5266A81F900236FEC /* Products */ = {
			isa = PBXGroup;
			children = (
				B3D027E4266A81F900236FEC /* DelayoutExample.app */,
			);
			name = Products;
			sourceTree = "<group>";
		};
		B3D027E6266A81F900236FEC /* DelayoutExample */ = {
			isa = PBXGroup;
			children = (
				B3D027E7266A81F900236FEC /* AppDelegate.swift */,
				B3D027E9266A81F900236FEC /* SceneDelegate.swift */,
				B3D027EB266A81F900236FEC /* ViewController.swift */,
				B38BA25A2674F866003F6F2B /* ViewController+View.swift */,
				B38BA2582674E189003F6F2B /* ExampleDSL.swift */,
				B3D027ED266A81F900236FEC /* Main.storyboard */,
				B3D027F0266A81FB00236FEC /* Assets.xcassets */,
				B3D027F2266A81FB00236FEC /* LaunchScreen.storyboard */,
				B3D027F5266A81FB00236FEC /* Info.plist */,
			);
			path = DelayoutExample;
			sourceTree = "<group>";
		};
		B3D027FB266A822500236FEC /* Delayout */ = {
			isa = PBXGroup;
			children = (
				B38BA2522674E158003F6F2B /* DelayoutConstraint.swift */,
				B38BA2512674E158003F6F2B /* UIView+ApplyConstraint.swift */,
				B38BA2502674E158003F6F2B /* UIView+DelayoutConstraints.swift */,
				B38BA2532674E158003F6F2B /* WeakRef.swift */,
				B3D02802266A879F00236FEC /* Building.swift */,
				B38BA2602675ADCD003F6F2B /* TargetedDelayoutConstraint.swift */,
				B3D02808266AABD600236FEC /* Anchor.swift */,
				B3D02809266AABD600236FEC /* Extensions.swift */,
				B3D0280A266AABD600236FEC /* Runtime.swift */,
				B3D02807266AABD600236FEC /* Storable.swift */,
				B3D02804266A8A4D00236FEC /* Builder.swift */,
				B3D02800266A85C900236FEC /* Built.swift */,
			);
			name = Delayout;
			path = ../Sources/Delayout;
			sourceTree = "<group>";
		};
/* End PBXGroup section */

/* Begin PBXNativeTarget section */
		B3D027E3266A81F900236FEC /* DelayoutExample */ = {
			isa = PBXNativeTarget;
			buildConfigurationList = B3D027F8266A81FB00236FEC /* Build configuration list for PBXNativeTarget "DelayoutExample" */;
			buildPhases = (
				B3D027E0266A81F900236FEC /* Sources */,
				B3D027E1266A81F900236FEC /* Frameworks */,
				B3D027E2266A81F900236FEC /* Resources */,
			);
			buildRules = (
			);
			dependencies = (
			);
			name = DelayoutExample;
			productName = DelayoutExample;
			productReference = B3D027E4266A81F900236FEC /* DelayoutExample.app */;
			productType = "com.apple.product-type.application";
		};
/* End PBXNativeTarget section */

/* Begin PBXProject section */
		B3D027DC266A81F900236FEC /* Project object */ = {
			isa = PBXProject;
			attributes = {
				LastSwiftUpdateCheck = 1250;
				LastUpgradeCheck = 1250;
				TargetAttributes = {
					B3D027E3266A81F900236FEC = {
						CreatedOnToolsVersion = 12.5;
					};
				};
			};
			buildConfigurationList = B3D027DF266A81F900236FEC /* Build configuration list for PBXProject "DelayoutExample" */;
			compatibilityVersion = "Xcode 9.3";
			developmentRegion = en;
			hasScannedForEncodings = 0;
			knownRegions = (
				en,
				Base,
			);
			mainGroup = B3D027DB266A81F900236FEC;
			productRefGroup = B3D027E5266A81F900236FEC /* Products */;
			projectDirPath = "";
			projectRoot = "";
			targets = (
				B3D027E3266A81F900236FEC /* DelayoutExample */,
			);
		};
/* End PBXProject section */

/* Begin PBXResourcesBuildPhase section */
		B3D027E2266A81F900236FEC /* Resources */ = {
			isa = PBXResourcesBuildPhase;
			buildActionMask = 2147483647;
			files = (
				B3D027F4266A81FB00236FEC /* LaunchScreen.storyboard in Resources */,
				B3D027F1266A81FB00236FEC /* Assets.xcassets in Resources */,
				B3D027EF266A81F900236FEC /* Main.storyboard in Resources */,
			);
			runOnlyForDeploymentPostprocessing = 0;
		};
/* End PBXResourcesBuildPhase section */

/* Begin PBXSourcesBuildPhase section */
		B3D027E0266A81F900236FEC /* Sources */ = {
			isa = PBXSourcesBuildPhase;
			buildActionMask = 2147483647;
			files = (
				B3D02803266A879F00236FEC /* Building.swift in Sources */,
				B3D02801266A85C900236FEC /* Built.swift in Sources */,
				B38BA2552674E158003F6F2B /* UIView+ApplyConstraint.swift in Sources */,
				B3D027EC266A81F900236FEC /* ViewController.swift in Sources */,
				B3D027E8266A81F900236FEC /* AppDelegate.swift in Sources */,
				B3D0280E266AABD600236FEC /* Extensions.swift in Sources */,
				B3D0280F266AABD600236FEC /* Runtime.swift in Sources */,
				B38BA2572674E158003F6F2B /* WeakRef.swift in Sources */,
				B38BA2562674E158003F6F2B /* DelayoutConstraint.swift in Sources */,
				B38BA25B2674F866003F6F2B /* ViewController+View.swift in Sources */,
				B38BA2542674E158003F6F2B /* UIView+DelayoutConstraints.swift in Sources */,
				B38BA2612675ADCD003F6F2B /* TargetedDelayoutConstraint.swift in Sources */,
				B38BA2592674E189003F6F2B /* ExampleDSL.swift in Sources */,
				B3D0280C266AABD600236FEC /* Storable.swift in Sources */,
				B3D027EA266A81F900236FEC /* SceneDelegate.swift in Sources */,
				B3D0280D266AABD600236FEC /* Anchor.swift in Sources */,
				B3D02805266A8A4D00236FEC /* Builder.swift in Sources */,
			);
			runOnlyForDeploymentPostprocessing = 0;
		};
/* End PBXSourcesBuildPhase section */

/* Begin PBXVariantGroup section */
		B3D027ED266A81F900236FEC /* Main.storyboard */ = {
			isa = PBXVariantGroup;
			children = (
				B3D027EE266A81F900236FEC /* Base */,
			);
			name = Main.storyboard;
			sourceTree = "<group>";
		};
		B3D027F2266A81FB00236FEC /* LaunchScreen.storyboard */ = {
			isa = PBXVariantGroup;
			children = (
				B3D027F3266A81FB00236FEC /* Base */,
			);
			name = LaunchScreen.storyboard;
			sourceTree = "<group>";
		};
/* End PBXVariantGroup section */

/* Begin XCBuildConfiguration section */
		B3D027F6266A81FB00236FEC /* Debug */ = {
			isa = XCBuildConfiguration;
			buildSettings = {
				ALWAYS_SEARCH_USER_PATHS = NO;
				CLANG_ANALYZER_NONNULL = YES;
				CLANG_ANALYZER_NUMBER_OBJECT_CONVERSION = YES_AGGRESSIVE;
				CLANG_CXX_LANGUAGE_STANDARD = "gnu++14";
				CLANG_CXX_LIBRARY = "libc++";
				CLANG_ENABLE_MODULES = YES;
				CLANG_ENABLE_OBJC_ARC = YES;
				CLANG_ENABLE_OBJC_WEAK = YES;
				CLANG_WARN_BLOCK_CAPTURE_AUTORELEASING = YES;
				CLANG_WARN_BOOL_CONVERSION = YES;
				CLANG_WARN_COMMA = YES;
				CLANG_WARN_CONSTANT_CONVERSION = YES;
				CLANG_WARN_DEPRECATED_OBJC_IMPLEMENTATIONS = YES;
				CLANG_WARN_DIRECT_OBJC_ISA_USAGE = YES_ERROR;
				CLANG_WARN_DOCUMENTATION_COMMENTS = YES;
				CLANG_WARN_EMPTY_BODY = YES;
				CLANG_WARN_ENUM_CONVERSION = YES;
				CLANG_WARN_INFINITE_RECURSION = YES;
				CLANG_WARN_INT_CONVERSION = YES;
				CLANG_WARN_NON_LITERAL_NULL_CONVERSION = YES;
				CLANG_WARN_OBJC_IMPLICIT_RETAIN_SELF = YES;
				CLANG_WARN_OBJC_LITERAL_CONVERSION = YES;
				CLANG_WARN_OBJC_ROOT_CLASS = YES_ERROR;
				CLANG_WARN_QUOTED_INCLUDE_IN_FRAMEWORK_HEADER = YES;
				CLANG_WARN_RANGE_LOOP_ANALYSIS = YES;
				CLANG_WARN_STRICT_PROTOTYPES = YES;
				CLANG_WARN_SUSPICIOUS_MOVE = YES;
				CLANG_WARN_UNGUARDED_AVAILABILITY = YES_AGGRESSIVE;
				CLANG_WARN_UNREACHABLE_CODE = YES;
				CLANG_WARN__DUPLICATE_METHOD_MATCH = YES;
				COPY_PHASE_STRIP = NO;
				DEBUG_INFORMATION_FORMAT = dwarf;
				ENABLE_STRICT_OBJC_MSGSEND = YES;
				ENABLE_TESTABILITY = YES;
				GCC_C_LANGUAGE_STANDARD = gnu11;
				GCC_DYNAMIC_NO_PIC = NO;
				GCC_NO_COMMON_BLOCKS = YES;
				GCC_OPTIMIZATION_LEVEL = 0;
				GCC_PREPROCESSOR_DEFINITIONS = (
					"DEBUG=1",
					"$(inherited)",
				);
				GCC_WARN_64_TO_32_BIT_CONVERSION = YES;
				GCC_WARN_ABOUT_RETURN_TYPE = YES_ERROR;
				GCC_WARN_UNDECLARED_SELECTOR = YES;
				GCC_WARN_UNINITIALIZED_AUTOS = YES_AGGRESSIVE;
				GCC_WARN_UNUSED_FUNCTION = YES;
				GCC_WARN_UNUSED_VARIABLE = YES;
				IPHONEOS_DEPLOYMENT_TARGET = 14.5;
				MTL_ENABLE_DEBUG_INFO = INCLUDE_SOURCE;
				MTL_FAST_MATH = YES;
				ONLY_ACTIVE_ARCH = YES;
				SDKROOT = iphoneos;
				SWIFT_ACTIVE_COMPILATION_CONDITIONS = DEBUG;
				SWIFT_OPTIMIZATION_LEVEL = "-Onone";
			};
			name = Debug;
		};
		B3D027F7266A81FB00236FEC /* Release */ = {
			isa = XCBuildConfiguration;
			buildSettings = {
				ALWAYS_SEARCH_USER_PATHS = NO;
				CLANG_ANALYZER_NONNULL = YES;
				CLANG_ANALYZER_NUMBER_OBJECT_CONVERSION = YES_AGGRESSIVE;
				CLANG_CXX_LANGUAGE_STANDARD = "gnu++14";
				CLANG_CXX_LIBRARY = "libc++";
				CLANG_ENABLE_MODULES = YES;
				CLANG_ENABLE_OBJC_ARC = YES;
				CLANG_ENABLE_OBJC_WEAK = YES;
				CLANG_WARN_BLOCK_CAPTURE_AUTORELEASING = YES;
				CLANG_WARN_BOOL_CONVERSION = YES;
				CLANG_WARN_COMMA = YES;
				CLANG_WARN_CONSTANT_CONVERSION = YES;
				CLANG_WARN_DEPRECATED_OBJC_IMPLEMENTATIONS = YES;
				CLANG_WARN_DIRECT_OBJC_ISA_USAGE = YES_ERROR;
				CLANG_WARN_DOCUMENTATION_COMMENTS = YES;
				CLANG_WARN_EMPTY_BODY = YES;
				CLANG_WARN_ENUM_CONVERSION = YES;
				CLANG_WARN_INFINITE_RECURSION = YES;
				CLANG_WARN_INT_CONVERSION = YES;
				CLANG_WARN_NON_LITERAL_NULL_CONVERSION = YES;
				CLANG_WARN_OBJC_IMPLICIT_RETAIN_SELF = YES;
				CLANG_WARN_OBJC_LITERAL_CONVERSION = YES;
				CLANG_WARN_OBJC_ROOT_CLASS = YES_ERROR;
				CLANG_WARN_QUOTED_INCLUDE_IN_FRAMEWORK_HEADER = YES;
				CLANG_WARN_RANGE_LOOP_ANALYSIS = YES;
				CLANG_WARN_STRICT_PROTOTYPES = YES;
				CLANG_WARN_SUSPICIOUS_MOVE = YES;
				CLANG_WARN_UNGUARDED_AVAILABILITY = YES_AGGRESSIVE;
				CLANG_WARN_UNREACHABLE_CODE = YES;
				CLANG_WARN__DUPLICATE_METHOD_MATCH = YES;
				COPY_PHASE_STRIP = NO;
				DEBUG_INFORMATION_FORMAT = "dwarf-with-dsym";
				ENABLE_NS_ASSERTIONS = NO;
				ENABLE_STRICT_OBJC_MSGSEND = YES;
				GCC_C_LANGUAGE_STANDARD = gnu11;
				GCC_NO_COMMON_BLOCKS = YES;
				GCC_WARN_64_TO_32_BIT_CONVERSION = YES;
				GCC_WARN_ABOUT_RETURN_TYPE = YES_ERROR;
				GCC_WARN_UNDECLARED_SELECTOR = YES;
				GCC_WARN_UNINITIALIZED_AUTOS = YES_AGGRESSIVE;
				GCC_WARN_UNUSED_FUNCTION = YES;
				GCC_WARN_UNUSED_VARIABLE = YES;
				IPHONEOS_DEPLOYMENT_TARGET = 14.5;
				MTL_ENABLE_DEBUG_INFO = NO;
				MTL_FAST_MATH = YES;
				SDKROOT = iphoneos;
				SWIFT_COMPILATION_MODE = wholemodule;
				SWIFT_OPTIMIZATION_LEVEL = "-O";
				VALIDATE_PRODUCT = YES;
			};
			name = Release;
		};
		B3D027F9266A81FB00236FEC /* Debug */ = {
			isa = XCBuildConfiguration;
			buildSettings = {
				ASSETCATALOG_COMPILER_APPICON_NAME = AppIcon;
				ASSETCATALOG_COMPILER_GLOBAL_ACCENT_COLOR_NAME = AccentColor;
				CODE_SIGN_STYLE = Automatic;
				DEVELOPMENT_TEAM = GVYB79VSRG;
				INFOPLIST_FILE = DelayoutExample/Info.plist;
				LD_RUNPATH_SEARCH_PATHS = (
					"$(inherited)",
					"@executable_path/Frameworks",
				);
				PRODUCT_BUNDLE_IDENTIFIER = com.imoe.DelayoutExample;
				PRODUCT_NAME = "$(TARGET_NAME)";
				SWIFT_VERSION = 5.0;
				TARGETED_DEVICE_FAMILY = "1,2";
			};
			name = Debug;
		};
		B3D027FA266A81FB00236FEC /* Release */ = {
			isa = XCBuildConfiguration;
			buildSettings = {
				ASSETCATALOG_COMPILER_APPICON_NAME = AppIcon;
				ASSETCATALOG_COMPILER_GLOBAL_ACCENT_COLOR_NAME = AccentColor;
				CODE_SIGN_STYLE = Automatic;
				DEVELOPMENT_TEAM = GVYB79VSRG;
				INFOPLIST_FILE = DelayoutExample/Info.plist;
				LD_RUNPATH_SEARCH_PATHS = (
					"$(inherited)",
					"@executable_path/Frameworks",
				);
				PRODUCT_BUNDLE_IDENTIFIER = com.imoe.DelayoutExample;
				PRODUCT_NAME = "$(TARGET_NAME)";
				SWIFT_VERSION = 5.0;
				TARGETED_DEVICE_FAMILY = "1,2";
			};
			name = Release;
		};
/* End XCBuildConfiguration section */

/* Begin XCConfigurationList section */
		B3D027DF266A81F900236FEC /* Build configuration list for PBXProject "DelayoutExample" */ = {
			isa = XCConfigurationList;
			buildConfigurations = (
				B3D027F6266A81FB00236FEC /* Debug */,
				B3D027F7266A81FB00236FEC /* Release */,
			);
			defaultConfigurationIsVisible = 0;
			defaultConfigurationName = Release;
		};
		B3D027F8266A81FB00236FEC /* Build configuration list for PBXNativeTarget "DelayoutExample" */ = {
			isa = XCConfigurationList;
			buildConfigurations = (
				B3D027F9266A81FB00236FEC /* Debug */,
				B3D027FA266A81FB00236FEC /* Release */,
			);
			defaultConfigurationIsVisible = 0;
			defaultConfigurationName = Release;
		};
/* End XCConfigurationList section */
	};
	rootObject = B3D027DC266A81F900236FEC /* Project object */;
}
